
Microsoft Visual Studio Solution File, Format Version 12.00
# Visual Studio 15
VisualStudioVersion = 15.0.26124.0
MinimumVisualStudioVersion = 15.0.26124.0
Project("{2150E333-8FDC-42A3-9474-1A3956D46DE8}") = "src", "src", "{B3C8608D-28AD-407C-979E-5FF575E85B09}"
EndProject
Project("{FAE04EC0-301F-11D3-BF4B-00C04F79EFBC}") = "IdentityServer", "src\IdentityServer\IdentityServer.csproj", "{4E31E4D0-CCD2-486E-BA29-C4940A23167C}"
EndProject
Project("{FAE04EC0-301F-11D3-BF4B-00C04F79EFBC}") = "Api", "src\Api\Api.csproj", "{6F420ADE-92F4-4E0D-9915-464116853FC9}"
EndProject
Project("{FAE04EC0-301F-11D3-BF4B-00C04F79EFBC}") = "Client", "src\Client\Client.csproj", "{6FFA35E4-7585-4F7B-A33B-B58D65BC4503}"
EndProject
Global
	GlobalSection(SolutionConfigurationPlatforms) = preSolution
		Debug|Any CPU = Debug|Any CPU
		Debug|x64 = Debug|x64
		Debug|x86 = Debug|x86
		Release|Any CPU = Release|Any CPU
		Release|x64 = Release|x64
		Release|x86 = Release|x86
	EndGlobalSection
	GlobalSection(SolutionProperties) = preSolution
		HideSolutionNode = FALSE
	EndGlobalSection
	GlobalSection(ProjectConfigurationPlatforms) = postSolution
		{4E31E4D0-CCD2-486E-BA29-C4940A23167C}.Debug|Any CPU.ActiveCfg = Debug|Any CPU
		{4E31E4D0-CCD2-486E-BA29-C4940A23167C}.Debug|Any CPU.Build.0 = Debug|Any CPU
		{4E31E4D0-CCD2-486E-BA29-C4940A23167C}.Debug|x64.ActiveCfg = Debug|Any CPU
		{4E31E4D0-CCD2-486E-BA29-C4940A23167C}.Debug|x64.Build.0 = Debug|Any CPU
		{4E31E4D0-CCD2-486E-BA29-C4940A23167C}.Debug|x86.ActiveCfg = Debug|Any CPU
		{4E31E4D0-CCD2-486E-BA29-C4940A23167C}.Debug|x86.Build.0 = Debug|Any CPU
		{4E31E4D0-CCD2-486E-BA29-C4940A23167C}.Release|Any CPU.ActiveCfg = Release|Any CPU
		{4E31E4D0-CCD2-486E-BA29-C4940A23167C}.Release|Any CPU.Build.0 = Release|Any CPU
		{4E31E4D0-CCD2-486E-BA29-C4940A23167C}.Release|x64.ActiveCfg = Release|Any CPU
		{4E31E4D0-CCD2-486E-BA29-C4940A23167C}.Release|x64.Build.0 = Release|Any CPU
		{4E31E4D0-CCD2-486E-BA29-C4940A23167C}.Release|x86.ActiveCfg = Release|Any CPU
		{4E31E4D0-CCD2-486E-BA29-C4940A23167C}.Release|x86.Build.0 = Release|Any CPU
		{6F420ADE-92F4-4E0D-9915-464116853FC9}.Debug|Any CPU.ActiveCfg = Debug|Any CPU
		{6F420ADE-92F4-4E0D-9915-464116853FC9}.Debug|Any CPU.Build.0 = Debug|Any CPU
		{6F420ADE-92F4-4E0D-9915-464116853FC9}.Debug|x64.ActiveCfg = Debug|Any CPU
		{6F420ADE-92F4-4E0D-9915-464116853FC9}.Debug|x64.Build.0 = Debug|Any CPU
		{6F420ADE-92F4-4E0D-9915-464116853FC9}.Debug|x86.ActiveCfg = Debug|Any CPU
		{6F420ADE-92F4-4E0D-9915-464116853FC9}.Debug|x86.Build.0 = Debug|Any CPU
		{6F420ADE-92F4-4E0D-9915-464116853FC9}.Release|Any CPU.ActiveCfg = Release|Any CPU
		{6F420ADE-92F4-4E0D-9915-464116853FC9}.Release|Any CPU.Build.0 = Release|Any CPU
		{6F420ADE-92F4-4E0D-9915-464116853FC9}.Release|x64.ActiveCfg = Release|Any CPU
		{6F420ADE-92F4-4E0D-9915-464116853FC9}.Release|x64.Build.0 = Release|Any CPU
		{6F420ADE-92F4-4E0D-9915-464116853FC9}.Release|x86.ActiveCfg = Release|Any CPU
		{6F420ADE-92F4-4E0D-9915-464116853FC9}.Release|x86.Build.0 = Release|Any CPU
		{6FFA35E4-7585-4F7B-A33B-B58D65BC4503}.Debug|Any CPU.ActiveCfg = Debug|Any CPU
		{6FFA35E4-7585-4F7B-A33B-B58D65BC4503}.Debug|Any CPU.Build.0 = Debug|Any CPU
		{6FFA35E4-7585-4F7B-A33B-B58D65BC4503}.Debug|x64.ActiveCfg = Debug|Any CPU
		{6FFA35E4-7585-4F7B-A33B-B58D65BC4503}.Debug|x64.Build.0 = Debug|Any CPU
		{6FFA35E4-7585-4F7B-A33B-B58D65BC4503}.Debug|x86.ActiveCfg = Debug|Any CPU
		{6FFA35E4-7585-4F7B-A33B-B58D65BC4503}.Debug|x86.Build.0 = Debug|Any CPU
		{6FFA35E4-7585-4F7B-A33B-B58D65BC4503}.Release|Any CPU.ActiveCfg = Release|Any CPU
		{6FFA35E4-7585-4F7B-A33B-B58D65BC4503}.Release|Any CPU.Build.0 = Release|Any CPU
		{6FFA35E4-7585-4F7B-A33B-B58D65BC4503}.Release|x64.ActiveCfg = Release|Any CPU
		{6FFA35E4-7585-4F7B-A33B-B58D65BC4503}.Release|x64.Build.0 = Release|Any CPU
		{6FFA35E4-7585-4F7B-A33B-B58D65BC4503}.Release|x86.ActiveCfg = Release|Any CPU
		{6FFA35E4-7585-4F7B-A33B-B58D65BC4503}.Release|x86.Build.0 = Release|Any CPU
	EndGlobalSection
	GlobalSection(NestedProjects) = preSolution
		{4E31E4D0-CCD2-486E-BA29-C4940A23167C} = {B3C8608D-28AD-407C-979E-5FF575E85B09}
		{6F420ADE-92F4-4E0D-9915-464116853FC9} = {B3C8608D-28AD-407C-979E-5FF575E85B09}
		{6FFA35E4-7585-4F7B-A33B-B58D65BC4503} = {B3C8608D-28AD-407C-979E-5FF575E85B09}
	EndGlobalSection
EndGlobal
